// !$*UTF8*$!
{
	archiveVersion = 1;
	classes = {
	};
	objectVersion = 46;
	objects = {

/* Begin PBXBuildFile section */
		DAB327CF1AB0B2FA0035C6CA /* AppDelegate.swift in Sources */ = {isa = PBXBuildFile; fileRef = DAB327CE1AB0B2FA0035C6CA /* AppDelegate.swift */; };
		DAB327D11AB0B2FA0035C6CA /* ViewController.swift in Sources */ = {isa = PBXBuildFile; fileRef = DAB327D01AB0B2FA0035C6CA /* ViewController.swift */; };
		DAB327D41AB0B2FA0035C6CA /* Main.storyboard in Resources */ = {isa = PBXBuildFile; fileRef = DAB327D21AB0B2FA0035C6CA /* Main.storyboard */; };
		DAB327D61AB0B2FA0035C6CA /* Images.xcassets in Resources */ = {isa = PBXBuildFile; fileRef = DAB327D51AB0B2FA0035C6CA /* Images.xcassets */; };
		DAB327D91AB0B2FA0035C6CA /* LaunchScreen.xib in Resources */ = {isa = PBXBuildFile; fileRef = DAB327D71AB0B2FA0035C6CA /* LaunchScreen.xib */; };
		DAB327EF1AB0B3730035C6CA /* DAAlertAction.swift in Sources */ = {isa = PBXBuildFile; fileRef = DAB327EE1AB0B3730035C6CA /* DAAlertAction.swift */; };
		DAB327F11AB0B3C70035C6CA /* DAAlertController.swift in Sources */ = {isa = PBXBuildFile; fileRef = DAB327F01AB0B3C70035C6CA /* DAAlertController.swift */; };
/* End PBXBuildFile section */

/* Begin PBXFileReference section */
		DAB327C91AB0B2FA0035C6CA /* DAAlertController.app */ = {isa = PBXFileReference; explicitFileType = wrapper.application; includeInIndex = 0; path = DAAlertController.app; sourceTree = BUILT_PRODUCTS_DIR; };
		DAB327CD1AB0B2FA0035C6CA /* Info.plist */ = {isa = PBXFileReference; lastKnownFileType = text.plist.xml; path = Info.plist; sourceTree = "<group>"; };
		DAB327CE1AB0B2FA0035C6CA /* AppDelegate.swift */ = {isa = PBXFileReference; lastKnownFileType = sourcecode.swift; path = AppDelegate.swift; sourceTree = "<group>"; };
		DAB327D01AB0B2FA0035C6CA /* ViewController.swift */ = {isa = PBXFileReference; lastKnownFileType = sourcecode.swift; path = ViewController.swift; sourceTree = "<group>"; };
		DAB327D31AB0B2FA0035C6CA /* Base */ = {isa = PBXFileReference; lastKnownFileType = file.storyboard; name = Base; path = Base.lproj/Main.storyboard; sourceTree = "<group>"; };
		DAB327D51AB0B2FA0035C6CA /* Images.xcassets */ = {isa = PBXFileReference; lastKnownFileType = folder.assetcatalog; path = Images.xcassets; sourceTree = "<group>"; };
		DAB327D81AB0B2FA0035C6CA /* Base */ = {isa = PBXFileReference; lastKnownFileType = file.xib; name = Base; path = Base.lproj/LaunchScreen.xib; sourceTree = "<group>"; };
		DAB327EE1AB0B3730035C6CA /* DAAlertAction.swift */ = {isa = PBXFileReference; fileEncoding = 4; lastKnownFileType = sourcecode.swift; name = DAAlertAction.swift; path = ../DAAlertController/DAAlertAction.swift; sourceTree = "<group>"; };
		DAB327F01AB0B3C70035C6CA /* DAAlertController.swift */ = {isa = PBXFileReference; fileEncoding = 4; lastKnownFileType = sourcecode.swift; name = DAAlertController.swift; path = ../DAAlertController/DAAlertController.swift; sourceTree = "<group>"; };
/* End PBXFileReference section */

/* Begin PBXFrameworksBuildPhase section */
		DAB327C61AB0B2FA0035C6CA /* Frameworks */ = {
			isa = PBXFrameworksBuildPhase;
			buildActionMask = 2147483647;
			files = (
			);
			runOnlyForDeploymentPostprocessing = 0;
		};
/* End PBXFrameworksBuildPhase section */

/* Begin PBXGroup section */
		DAB327C01AB0B2FA0035C6CA = {
			isa = PBXGroup;
			children = (
				DAB327F21AB0B3CF0035C6CA /* DAAlertController */,
				DAB327CB1AB0B2FA0035C6CA /* Example */,
				DAB327CA1AB0B2FA0035C6CA /* Products */,
			);
			sourceTree = "<group>";
		};
		DAB327CA1AB0B2FA0035C6CA /* Products */ = {
			isa = PBXGroup;
			children = (
				DAB327C91AB0B2FA0035C6CA /* DAAlertController.app */,
			);
			name = Products;
			sourceTree = "<group>";
		};
		DAB327CB1AB0B2FA0035C6CA /* Example */ = {
			isa = PBXGroup;
			children = (
				DAB327CE1AB0B2FA0035C6CA /* AppDelegate.swift */,
				DAB327D01AB0B2FA0035C6CA /* ViewController.swift */,
				DAB327D21AB0B2FA0035C6CA /* Main.storyboard */,
				DAB327D51AB0B2FA0035C6CA /* Images.xcassets */,
				DAB327D71AB0B2FA0035C6CA /* LaunchScreen.xib */,
				DAB327CC1AB0B2FA0035C6CA /* Supporting Files */,
			);
			name = Example;
			path = DAAlertController;
			sourceTree = "<group>";
		};
		DAB327CC1AB0B2FA0035C6CA /* Supporting Files */ = {
			isa = PBXGroup;
			children = (
				DAB327CD1AB0B2FA0035C6CA /* Info.plist */,
			);
			name = "Supporting Files";
			sourceTree = "<group>";
		};
		DAB327F21AB0B3CF0035C6CA /* DAAlertController */ = {
			isa = PBXGroup;
			children = (
				DAB327EE1AB0B3730035C6CA /* DAAlertAction.swift */,
				DAB327F01AB0B3C70035C6CA /* DAAlertController.swift */,
			);
			name = DAAlertController;
			sourceTree = "<group>";
		};
/* End PBXGroup section */

/* Begin PBXNativeTarget section */
		DAB327C81AB0B2FA0035C6CA /* DAAlertController */ = {
			isa = PBXNativeTarget;
			buildConfigurationList = DAB327E81AB0B2FA0035C6CA /* Build configuration list for PBXNativeTarget "DAAlertController" */;
			buildPhases = (
				DAB327C51AB0B2FA0035C6CA /* Sources */,
				DAB327C61AB0B2FA0035C6CA /* Frameworks */,
				DAB327C71AB0B2FA0035C6CA /* Resources */,
			);
			buildRules = (
			);
			dependencies = (
			);
			name = DAAlertController;
			productName = DAAlertController;
			productReference = DAB327C91AB0B2FA0035C6CA /* DAAlertController.app */;
			productType = "com.apple.product-type.application";
		};
/* End PBXNativeTarget section */

/* Begin PBXProject section */
		DAB327C11AB0B2FA0035C6CA /* Project object */ = {
			isa = PBXProject;
			attributes = {
				LastSwiftMigration = 0700;
				LastSwiftUpdateCheck = 0700;
				LastUpgradeCheck = 1020;
				ORGANIZATIONNAME = "Techno-Magic";
				TargetAttributes = {
					DAB327C81AB0B2FA0035C6CA = {
						CreatedOnToolsVersion = 6.2;
						LastSwiftMigration = 1020;
					};
				};
			};
			buildConfigurationList = DAB327C41AB0B2FA0035C6CA /* Build configuration list for PBXProject "DAAlertController" */;
			compatibilityVersion = "Xcode 3.2";
			developmentRegion = en;
			hasScannedForEncodings = 0;
			knownRegions = (
				en,
				Base,
			);
			mainGroup = DAB327C01AB0B2FA0035C6CA;
			productRefGroup = DAB327CA1AB0B2FA0035C6CA /* Products */;
			projectDirPath = "";
			projectRoot = "";
			targets = (
				DAB327C81AB0B2FA0035C6CA /* DAAlertController */,
			);
		};
/* End PBXProject section */

/* Begin PBXResourcesBuildPhase section */
		DAB327C71AB0B2FA0035C6CA /* Resources */ = {
			isa = PBXResourcesBuildPhase;
			buildActionMask = 2147483647;
			files = (
				DAB327D41AB0B2FA0035C6CA /* Main.storyboard in Resources */,
				DAB327D91AB0B2FA0035C6CA /* LaunchScreen.xib in Resources */,
				DAB327D61AB0B2FA0035C6CA /* Images.xcassets in Resources */,
			);
			runOnlyForDeploymentPostprocessing = 0;
		};
/* End PBXResourcesBuildPhase section */

/* Begin PBXSourcesBuildPhase section */
		DAB327C51AB0B2FA0035C6CA /* Sources */ = {
			isa = PBXSourcesBuildPhase;
			buildActionMask = 2147483647;
			files = (
				DAB327EF1AB0B3730035C6CA /* DAAlertAction.swift in Sources */,
				DAB327D11AB0B2FA0035C6CA /* ViewController.swift in Sources */,
				DAB327CF1AB0B2FA0035C6CA /* AppDelegate.swift in Sources */,
				DAB327F11AB0B3C70035C6CA /* DAAlertController.swift in Sources */,
			);
			runOnlyForDeploymentPostprocessing = 0;
		};
/* End PBXSourcesBuildPhase section */

/* Begin PBXVariantGroup section */
		DAB327D21AB0B2FA0035C6CA /* Main.storyboard */ = {
			isa = PBXVariantGroup;
			children = (
				DAB327D31AB0B2FA0035C6CA /* Base */,
			);
			name = Main.storyboard;
			sourceTree = "<group>";
		};
		DAB327D71AB0B2FA0035C6CA /* LaunchScreen.xib */ = {
			isa = PBXVariantGroup;
			children = (
				DAB327D81AB0B2FA0035C6CA /* Base */,
			);
			name = LaunchScreen.xib;
			sourceTree = "<group>";
		};
/* End PBXVariantGroup section */

/* Begin XCBuildConfiguration section */
		DAB327E61AB0B2FA0035C6CA /* Debug */ = {
			isa = XCBuildConfiguration;
			buildSettings = {
				ALWAYS_SEARCH_USER_PATHS = NO;
				CLANG_CXX_LANGUAGE_STANDARD = "gnu++0x";
				CLANG_CXX_LIBRARY = "libc++";
				CLANG_ENABLE_MODULES = YES;
				CLANG_ENABLE_OBJC_ARC = YES;
				CLANG_WARN_BLOCK_CAPTURE_AUTORELEASING = YES;
				CLANG_WARN_BOOL_CONVERSION = YES;
				CLANG_WARN_COMMA = YES;
				CLANG_WARN_CONSTANT_CONVERSION = YES;
				CLANG_WARN_DEPRECATED_OBJC_IMPLEMENTATIONS = YES;
				CLANG_WARN_DIRECT_OBJC_ISA_USAGE = YES_ERROR;
				CLANG_WARN_EMPTY_BODY = YES;
				CLANG_WARN_ENUM_CONVERSION = YES;
				CLANG_WARN_INFINITE_RECURSION = YES;
				CLANG_WARN_INT_CONVERSION = YES;
				CLANG_WARN_NON_LITERAL_NULL_CONVERSION = YES;
				CLANG_WARN_OBJC_IMPLICIT_RETAIN_SELF = YES;
				CLANG_WARN_OBJC_LITERAL_CONVERSION = YES;
				CLANG_WARN_OBJC_ROOT_CLASS = YES_ERROR;
				CLANG_WARN_RANGE_LOOP_ANALYSIS = YES;
				CLANG_WARN_STRICT_PROTOTYPES = YES;
				CLANG_WARN_SUSPICIOUS_MOVE = YES;
				CLANG_WARN_UNREACHABLE_CODE = YES;
				CLANG_WARN__DUPLICATE_METHOD_MATCH = YES;
				"CODE_SIGN_IDENTITY[sdk=iphoneos*]" = "iPhone Developer";
				COPY_PHASE_STRIP = NO;
				ENABLE_STRICT_OBJC_MSGSEND = YES;
				ENABLE_TESTABILITY = YES;
				GCC_C_LANGUAGE_STANDARD = gnu99;
				GCC_DYNAMIC_NO_PIC = NO;
				GCC_NO_COMMON_BLOCKS = YES;
				GCC_OPTIMIZATION_LEVEL = 0;
				GCC_PREPROCESSOR_DEFINITIONS = (
					"DEBUG=1",
					"$(inherited)",
				);
				GCC_SYMBOLS_PRIVATE_EXTERN = NO;
				GCC_WARN_64_TO_32_BIT_CONVERSION = YES;
				GCC_WARN_ABOUT_RETURN_TYPE = YES_ERROR;
				GCC_WARN_UNDECLARED_SELECTOR = YES;
				GCC_WARN_UNINITIALIZED_AUTOS = YES_AGGRESSIVE;
				GCC_WARN_UNUSED_FUNCTION = YES;
				GCC_WARN_UNUSED_VARIABLE = YES;
				IPHONEOS_DEPLOYMENT_TARGET = 8.0;
				MTL_ENABLE_DEBUG_INFO = YES;
				ONLY_ACTIVE_ARCH = YES;
				SDKROOT = iphoneos;
				SWIFT_OPTIMIZATION_LEVEL = "-Onone";
				USER_HEADER_SEARCH_PATHS = ../DAAlertController/;
			};
			name = Debug;
		};
		DAB327E71AB0B2FA0035C6CA /* Release */ = {
			isa = XCBuildConfiguration;
			buildSettings = {
				ALWAYS_SEARCH_USER_PATHS = NO;
				CLANG_CXX_LANGUAGE_STANDARD = "gnu++0x";
				CLANG_CXX_LIBRARY = "libc++";
				CLANG_ENABLE_MODULES = YES;
				CLANG_ENABLE_OBJC_ARC = YES;
				CLANG_WARN_BLOCK_CAPTURE_AUTORELEASING = YES;
				CLANG_WARN_BOOL_CONVERSION = YES;
				CLANG_WARN_COMMA = YES;
				CLANG_WARN_CONSTANT_CONVERSION = YES;
				CLANG_WARN_DEPRECATED_OBJC_IMPLEMENTATIONS = YES;
				CLANG_WARN_DIRECT_OBJC_ISA_USAGE = YES_ERROR;
				CLANG_WARN_EMPTY_BODY = YES;
				CLANG_WARN_ENUM_CONVERSION = YES;
				CLANG_WARN_INFINITE_RECURSION = YES;
				CLANG_WARN_INT_CONVERSION = YES;
				CLANG_WARN_NON_LITERAL_NULL_CONVERSION = YES;
				CLANG_WARN_OBJC_IMPLICIT_RETAIN_SELF = YES;
				CLANG_WARN_OBJC_LITERAL_CONVERSION = YES;
				CLANG_WARN_OBJC_ROOT_CLASS = YES_ERROR;
				CLANG_WARN_RANGE_LOOP_ANALYSIS = YES;
				CLANG_WARN_STRICT_PROTOTYPES = YES;
				CLANG_WARN_SUSPICIOUS_MOVE = YES;
				CLANG_WARN_UNREACHABLE_CODE = YES;
				CLANG_WARN__DUPLICATE_METHOD_MATCH = YES;
				"CODE_SIGN_IDENTITY[sdk=iphoneos*]" = "iPhone Developer";
				COPY_PHASE_STRIP = NO;
				ENABLE_NS_ASSERTIONS = NO;
				ENABLE_STRICT_OBJC_MSGSEND = YES;
				GCC_C_LANGUAGE_STANDARD = gnu99;
				GCC_NO_COMMON_BLOCKS = YES;
				GCC_WARN_64_TO_32_BIT_CONVERSION = YES;
				GCC_WARN_ABOUT_RETURN_TYPE = YES_ERROR;
				GCC_WARN_UNDECLARED_SELECTOR = YES;
				GCC_WARN_UNINITIALIZED_AUTOS = YES_AGGRESSIVE;
				GCC_WARN_UNUSED_FUNCTION = YES;
				GCC_WARN_UNUSED_VARIABLE = YES;
				IPHONEOS_DEPLOYMENT_TARGET = 8.0;
				MTL_ENABLE_DEBUG_INFO = NO;
				SDKROOT = iphoneos;
				SWIFT_OPTIMIZATION_LEVEL = "-Owholemodule";
				USER_HEADER_SEARCH_PATHS = ../DAAlertController/;
				VALIDATE_PRODUCT = YES;
			};
			name = Release;
		};
		DAB327E91AB0B2FA0035C6CA /* Debug */ = {
			isa = XCBuildConfiguration;
			buildSettings = {
				ALWAYS_EMBED_SWIFT_STANDARD_LIBRARIES = YES;
				ASSETCATALOG_COMPILER_APPICON_NAME = AppIcon;
				ASSETCATALOG_COMPILER_LAUNCHIMAGE_NAME = LaunchImage;
				CLANG_ENABLE_MODULES = YES;
				DEFINES_MODULE = YES;
				INFOPLIST_FILE = DAAlertController/Info.plist;
				LD_RUNPATH_SEARCH_PATHS = "$(inherited) @executable_path/Frameworks";
				PRODUCT_BUNDLE_IDENTIFIER = "com.nicolasgomollon.$(PRODUCT_NAME:rfc1034identifier)";
				PRODUCT_NAME = "$(TARGET_NAME)";
				SWIFT_OBJC_BRIDGING_HEADER = "";
				SWIFT_OPTIMIZATION_LEVEL = "-Onone";
				SWIFT_VERSION = 5.0;
			};
			name = Debug;
		};
		DAB327EA1AB0B2FA0035C6CA /* Release */ = {
			isa = XCBuildConfiguration;
			buildSettings = {
				ALWAYS_EMBED_SWIFT_STANDARD_LIBRARIES = YES;
				ASSETCATALOG_COMPILER_APPICON_NAME = AppIcon;
				ASSETCATALOG_COMPILER_LAUNCHIMAGE_NAME = LaunchImage;
				CLANG_ENABLE_MODULES = YES;
				DEFINES_MODULE = YES;
				INFOPLIST_FILE = DAAlertController/Info.plist;
				LD_RUNPATH_SEARCH_PATHS = "$(inherited) @executable_path/Frameworks";
				PRODUCT_BUNDLE_IDENTIFIER = "com.nicolasgomollon.$(PRODUCT_NAME:rfc1034identifier)";
				PRODUCT_NAME = "$(TARGET_NAME)";
				SWIFT_OBJC_BRIDGING_HEADER = "";
				SWIFT_VERSION = 5.0;
			};
			name = Release;
		};
/* End XCBuildConfiguration section */

/* Begin XCConfigurationList section */
		DAB327C41AB0B2FA0035C6CA /* Build configuration list for PBXProject "DAAlertController" */ = {
			isa = XCConfigurationList;
			buildConfigurations = (
				DAB327E61AB0B2FA0035C6CA /* Debug */,
				DAB327E71AB0B2FA0035C6CA /* Release */,
			);
			defaultConfigurationIsVisible = 0;
			defaultConfigurationName = Release;
		};
		DAB327E81AB0B2FA0035C6CA /* Build configuration list for PBXNativeTarget "DAAlertController" */ = {
			isa = XCConfigurationList;
			buildConfigurations = (
				DAB327E91AB0B2FA0035C6CA /* Debug */,
				DAB327EA1AB0B2FA0035C6CA /* Release */,
			);
			defaultConfigurationIsVisible = 0;
			defaultConfigurationName = Release;
		};
/* End XCConfigurationList section */
	};
	rootObject = DAB327C11AB0B2FA0035C6CA /* Project object */;
}
